
Microsoft Visual Studio Solution File, Format Version 12.00
# Visual Studio 15
VisualStudioVersion = 15.0.26228.9
MinimumVisualStudioVersion = 10.0.40219.1
Project("{F2A71F9B-5D33-465A-A702-920D77279786}") = "Lambda_Calculus", "Lambda_Calculus\Lambda_Calculus.fsproj", "{78B6B77E-FB2A-48E0-A665-C46E820C88F0}"
EndProject
Project("{F2A71F9B-5D33-465A-A702-920D77279786}") = "Lambda_Calculus_Tests", "Lambda_Calculus_Tests\Lambda_Calculus_Tests.fsproj", "{05D05119-74DF-48FE-92C0-A5721E50F75A}"
EndProject
Global
	GlobalSection(SolutionConfigurationPlatforms) = preSolution
		Debug|Any CPU = Debug|Any CPU
		Release|Any CPU = Release|Any CPU
	EndGlobalSection
	GlobalSection(ProjectConfigurationPlatforms) = postSolution
		{78B6B77E-FB2A-48E0-A665-C46E820C88F0}.Debug|Any CPU.ActiveCfg = Debug|Any CPU
		{78B6B77E-FB2A-48E0-A665-C46E820C88F0}.Debug|Any CPU.Build.0 = Debug|Any CPU
		{78B6B77E-FB2A-48E0-A665-C46E820C88F0}.Release|Any CPU.ActiveCfg = Release|Any CPU
		{78B6B77E-FB2A-48E0-A665-C46E820C88F0}.Release|Any CPU.Build.0 = Release|Any CPU
		{05D05119-74DF-48FE-92C0-A5721E50F75A}.Debug|Any CPU.ActiveCfg = Debug|Any CPU
		{05D05119-74DF-48FE-92C0-A5721E50F75A}.Debug|Any CPU.Build.0 = Debug|Any CPU
		{05D05119-74DF-48FE-92C0-A5721E50F75A}.Release|Any CPU.ActiveCfg = Release|Any CPU
		{05D05119-74DF-48FE-92C0-A5721E50F75A}.Release|Any CPU.Build.0 = Release|Any CPU
	EndGlobalSection
	GlobalSection(SolutionProperties) = preSolution
		HideSolutionNode = FALSE
	EndGlobalSection
EndGlobal
