
Microsoft Visual Studio Solution File, Format Version 12.00
# Visual Studio 15
VisualStudioVersion = 15.0.26228.9
MinimumVisualStudioVersion = 10.0.40219.1
Project("{F2A71F9B-5D33-465A-A702-920D77279786}") = "EvenElementsCount", "EvenElementsCount\EvenElementsCount.fsproj", "{9A2ECD00-D84D-4455-9DBD-177152AC94FA}"
EndProject
Project("{F2A71F9B-5D33-465A-A702-920D77279786}") = "EvenElementsCountTests", "EvenElementsCountTests\EvenElementsCountTests.fsproj", "{1D43880C-DBE0-47DA-9D64-595FD6281C2B}"
EndProject
Global
	GlobalSection(SolutionConfigurationPlatforms) = preSolution
		Debug|Any CPU = Debug|Any CPU
		Release|Any CPU = Release|Any CPU
	EndGlobalSection
	GlobalSection(ProjectConfigurationPlatforms) = postSolution
		{9A2ECD00-D84D-4455-9DBD-177152AC94FA}.Debug|Any CPU.ActiveCfg = Debug|Any CPU
		{9A2ECD00-D84D-4455-9DBD-177152AC94FA}.Debug|Any CPU.Build.0 = Debug|Any CPU
		{9A2ECD00-D84D-4455-9DBD-177152AC94FA}.Release|Any CPU.ActiveCfg = Release|Any CPU
		{9A2ECD00-D84D-4455-9DBD-177152AC94FA}.Release|Any CPU.Build.0 = Release|Any CPU
		{1D43880C-DBE0-47DA-9D64-595FD6281C2B}.Debug|Any CPU.ActiveCfg = Debug|Any CPU
		{1D43880C-DBE0-47DA-9D64-595FD6281C2B}.Debug|Any CPU.Build.0 = Debug|Any CPU
		{1D43880C-DBE0-47DA-9D64-595FD6281C2B}.Release|Any CPU.ActiveCfg = Release|Any CPU
		{1D43880C-DBE0-47DA-9D64-595FD6281C2B}.Release|Any CPU.Build.0 = Release|Any CPU
	EndGlobalSection
	GlobalSection(SolutionProperties) = preSolution
		HideSolutionNode = FALSE
	EndGlobalSection
EndGlobal
