
Microsoft Visual Studio Solution File, Format Version 12.00
# Visual Studio 15
VisualStudioVersion = 15.0.26228.9
MinimumVisualStudioVersion = 10.0.40219.1
Project("{F2A71F9B-5D33-465A-A702-920D77279786}") = "TreeMap", "TreeMap\TreeMap.fsproj", "{532E5856-7CCB-4E05-BF7B-C5FEC918A214}"
EndProject
Project("{F2A71F9B-5D33-465A-A702-920D77279786}") = "TreeMapTests", "TreeMapTests\TreeMapTests.fsproj", "{220968D3-5A88-4B40-8C5A-DEE36C34A288}"
EndProject
Global
	GlobalSection(SolutionConfigurationPlatforms) = preSolution
		Debug|Any CPU = Debug|Any CPU
		Release|Any CPU = Release|Any CPU
	EndGlobalSection
	GlobalSection(ProjectConfigurationPlatforms) = postSolution
		{532E5856-7CCB-4E05-BF7B-C5FEC918A214}.Debug|Any CPU.ActiveCfg = Debug|Any CPU
		{532E5856-7CCB-4E05-BF7B-C5FEC918A214}.Debug|Any CPU.Build.0 = Debug|Any CPU
		{532E5856-7CCB-4E05-BF7B-C5FEC918A214}.Release|Any CPU.ActiveCfg = Release|Any CPU
		{532E5856-7CCB-4E05-BF7B-C5FEC918A214}.Release|Any CPU.Build.0 = Release|Any CPU
		{220968D3-5A88-4B40-8C5A-DEE36C34A288}.Debug|Any CPU.ActiveCfg = Debug|Any CPU
		{220968D3-5A88-4B40-8C5A-DEE36C34A288}.Debug|Any CPU.Build.0 = Debug|Any CPU
		{220968D3-5A88-4B40-8C5A-DEE36C34A288}.Release|Any CPU.ActiveCfg = Release|Any CPU
		{220968D3-5A88-4B40-8C5A-DEE36C34A288}.Release|Any CPU.Build.0 = Release|Any CPU
	EndGlobalSection
	GlobalSection(SolutionProperties) = preSolution
		HideSolutionNode = FALSE
	EndGlobalSection
EndGlobal
