
Microsoft Visual Studio Solution File, Format Version 12.00
# Visual Studio 15
VisualStudioVersion = 15.0.26228.9
MinimumVisualStudioVersion = 10.0.40219.1
Project("{F2A71F9B-5D33-465A-A702-920D77279786}") = "PrimeNumbers", "PrimeNumbers\PrimeNumbers.fsproj", "{6DEE5B58-3D10-49B2-8675-888A7295AEC3}"
EndProject
Project("{F2A71F9B-5D33-465A-A702-920D77279786}") = "PrimeNumbersTest", "PrimeNumbersTest\PrimeNumbersTest.fsproj", "{D6952083-0401-45FD-AFD8-136F9DF238B6}"
EndProject
Global
	GlobalSection(SolutionConfigurationPlatforms) = preSolution
		Debug|Any CPU = Debug|Any CPU
		Release|Any CPU = Release|Any CPU
	EndGlobalSection
	GlobalSection(ProjectConfigurationPlatforms) = postSolution
		{6DEE5B58-3D10-49B2-8675-888A7295AEC3}.Debug|Any CPU.ActiveCfg = Debug|Any CPU
		{6DEE5B58-3D10-49B2-8675-888A7295AEC3}.Debug|Any CPU.Build.0 = Debug|Any CPU
		{6DEE5B58-3D10-49B2-8675-888A7295AEC3}.Release|Any CPU.ActiveCfg = Release|Any CPU
		{6DEE5B58-3D10-49B2-8675-888A7295AEC3}.Release|Any CPU.Build.0 = Release|Any CPU
		{D6952083-0401-45FD-AFD8-136F9DF238B6}.Debug|Any CPU.ActiveCfg = Debug|Any CPU
		{D6952083-0401-45FD-AFD8-136F9DF238B6}.Debug|Any CPU.Build.0 = Debug|Any CPU
		{D6952083-0401-45FD-AFD8-136F9DF238B6}.Release|Any CPU.ActiveCfg = Release|Any CPU
		{D6952083-0401-45FD-AFD8-136F9DF238B6}.Release|Any CPU.Build.0 = Release|Any CPU
	EndGlobalSection
	GlobalSection(SolutionProperties) = preSolution
		HideSolutionNode = FALSE
	EndGlobalSection
EndGlobal
